
Microsoft Visual Studio Solution File, Format Version 12.00
# Visual Studio Version 16
VisualStudioVersion = 16.0.30002.166
MinimumVisualStudioVersion = 10.0.40219.1
Project("{9A19103F-16F7-4668-BE54-9A1E7A4F7556}") = "Seamstress", "Seamstress\Seamstress.csproj", "{EC2FDA36-07FE-4DCB-A48C-8AE8EB112F68}"
EndProject
Global
	GlobalSection(SolutionConfigurationPlatforms) = preSolution
		Debug|Any CPU = Debug|Any CPU
		Release|Any CPU = Release|Any CPU
	EndGlobalSection
	GlobalSection(ProjectConfigurationPlatforms) = postSolution
		{EC2FDA36-07FE-4DCB-A48C-8AE8EB112F68}.Debug|Any CPU.ActiveCfg = Debug|Any CPU
		{EC2FDA36-07FE-4DCB-A48C-8AE8EB112F68}.Debug|Any CPU.Build.0 = Debug|Any CPU
		{EC2FDA36-07FE-4DCB-A48C-8AE8EB112F68}.Release|Any CPU.ActiveCfg = Release|Any CPU
		{EC2FDA36-07FE-4DCB-A48C-8AE8EB112F68}.Release|Any CPU.Build.0 = Release|Any CPU
	EndGlobalSection
	GlobalSection(SolutionProperties) = preSolution
		HideSolutionNode = FALSE
	EndGlobalSection
	GlobalSection(ExtensibilityGlobals) = postSolution
		SolutionGuid = {DE1A8C44-2459-4F30-A178-0CF04D406FE8}
	EndGlobalSection
EndGlobal
